{
  "name": "@parity/host-web",
  "version": "0.1.0",
  "lockfileVersion": 3,
  "requires": true,
  "packages": {
    "": {
      "name": "@parity/host-web",
      "version": "0.1.0",
      "license": "MIT",
      "dependencies": {
        "@parity/host-shared": "file:../shared",
        "@parity/truapi": "file:../../../js/packages/truapi"
      },
      "devDependencies": {
        "typescript": "^5.7"
      }
    },
    "../../../js/packages/truapi": {
      "name": "@parity/truapi",
      "version": "0.1.0",
      "license": "MIT",
      "dependencies": {
        "neverthrow": "^8.2.0",
        "scale-ts": "^1.6.1"
      },
      "devDependencies": {
        "typescript": "^5.7"
      }
    },
    "../shared": {
      "name": "@parity/host-shared",
      "version": "0.1.0",
      "license": "MIT",
      "dependencies": {
        "@parity/truapi": "file:../../../js/packages/truapi",
        "@parity/truapi-host": "file:../../../js/packages/truapi-host"
      },
      "devDependencies": {
        "typescript": "^5.7"
      }
    },
    "node_modules/@parity/host-shared": {
      "resolved": "../shared",
      "link": true
    },
    "node_modules/@parity/truapi": {
      "resolved": "../../../js/packages/truapi",
      "link": true
    },
    "node_modules/typescript": {
      "version": "5.9.3",
      "resolved": "https://registry.npmjs.org/typescript/-/typescript-5.9.3.tgz",
      "integrity": "sha512-jl1vZzPDinLr9eUt3J/t7V6FgNEw9QjvBPdysz9KfQDD41fQrC2Y4vKQdiaUpFT4bXlb1RHhLpp8wtm6M5TgSw==",
      "dev": true,
      "license": "Apache-2.0",
      "bin": {
        "tsc": "bin/tsc",
        "tsserver": "bin/tsserver"
      },
      "engines": {
        "node": ">=14.17"
      }
    }
  }
}
